
Microsoft Visual Studio Solution File, Format Version 12.00
# Visual Studio Version 17
VisualStudioVersion = 17.6.33801.468
MinimumVisualStudioVersion = 10.0.40219.1
Project("{9A19103F-16F7-4668-BE54-9A1E7A4F7556}") = "OpenIddictOAuth", "OpenIddictOAuth\OpenIddictOAuth.csproj", "{0215459A-919E-4A6F-966F-1F00E3F8F823}"
EndProject
Project("{FAE04EC0-301F-11D3-BF4B-00C04F79EFBC}") = "OpenIddictOAuth.ResourceServer", "OpenIddictOAuth.ResourceServer\OpenIddictOAuth.ResourceServer.csproj", "{29FEA404-E123-4524-B1F2-A7F9A6D65C43}"
EndProject
Global
	GlobalSection(SolutionConfigurationPlatforms) = preSolution
		Debug|Any CPU = Debug|Any CPU
		Release|Any CPU = Release|Any CPU
	EndGlobalSection
	GlobalSection(ProjectConfigurationPlatforms) = postSolution
		{0215459A-919E-4A6F-966F-1F00E3F8F823}.Debug|Any CPU.ActiveCfg = Debug|Any CPU
		{0215459A-919E-4A6F-966F-1F00E3F8F823}.Debug|Any CPU.Build.0 = Debug|Any CPU
		{0215459A-919E-4A6F-966F-1F00E3F8F823}.Release|Any CPU.ActiveCfg = Release|Any CPU
		{0215459A-919E-4A6F-966F-1F00E3F8F823}.Release|Any CPU.Build.0 = Release|Any CPU
		{29FEA404-E123-4524-B1F2-A7F9A6D65C43}.Debug|Any CPU.ActiveCfg = Debug|Any CPU
		{29FEA404-E123-4524-B1F2-A7F9A6D65C43}.Debug|Any CPU.Build.0 = Debug|Any CPU
		{29FEA404-E123-4524-B1F2-A7F9A6D65C43}.Release|Any CPU.ActiveCfg = Release|Any CPU
		{29FEA404-E123-4524-B1F2-A7F9A6D65C43}.Release|Any CPU.Build.0 = Release|Any CPU
	EndGlobalSection
	GlobalSection(SolutionProperties) = preSolution
		HideSolutionNode = FALSE
	EndGlobalSection
	GlobalSection(ExtensibilityGlobals) = postSolution
		SolutionGuid = {5921E647-B1B6-45DF-B189-4802188CB0E2}
	EndGlobalSection
EndGlobal
